
Microsoft Visual Studio Solution File, Format Version 12.00
# Visual Studio Version 17
VisualStudioVersion = 17.5.33414.496
MinimumVisualStudioVersion = 10.0.40219.1
Project("{FAE04EC0-301F-11D3-BF4B-00C04F79EFBC}") = "ForumApp", "ForumApp\ForumApp.csproj", "{35E313E5-F38A-4782-8FDC-EBA3D67276AB}"
EndProject
Project("{FAE04EC0-301F-11D3-BF4B-00C04F79EFBC}") = "ForumApp.Core", "ForumApp.Core\ForumApp.Core.csproj", "{2C9DCC0A-E08D-4734-9474-7C6EA1B049A0}"
EndProject
Project("{FAE04EC0-301F-11D3-BF4B-00C04F79EFBC}") = "ForumApp.Infrastructure", "ForumApp.Infrastructure\ForumApp.Infrastructure.csproj", "{1C0B1E5E-40F5-4B2B-9DF7-AD5B6D7D76A9}"
EndProject
Global
	GlobalSection(SolutionConfigurationPlatforms) = preSolution
		Debug|Any CPU = Debug|Any CPU
		Release|Any CPU = Release|Any CPU
	EndGlobalSection
	GlobalSection(ProjectConfigurationPlatforms) = postSolution
		{35E313E5-F38A-4782-8FDC-EBA3D67276AB}.Debug|Any CPU.ActiveCfg = Debug|Any CPU
		{35E313E5-F38A-4782-8FDC-EBA3D67276AB}.Debug|Any CPU.Build.0 = Debug|Any CPU
		{35E313E5-F38A-4782-8FDC-EBA3D67276AB}.Release|Any CPU.ActiveCfg = Release|Any CPU
		{35E313E5-F38A-4782-8FDC-EBA3D67276AB}.Release|Any CPU.Build.0 = Release|Any CPU
		{2C9DCC0A-E08D-4734-9474-7C6EA1B049A0}.Debug|Any CPU.ActiveCfg = Debug|Any CPU
		{2C9DCC0A-E08D-4734-9474-7C6EA1B049A0}.Debug|Any CPU.Build.0 = Debug|Any CPU
		{2C9DCC0A-E08D-4734-9474-7C6EA1B049A0}.Release|Any CPU.ActiveCfg = Release|Any CPU
		{2C9DCC0A-E08D-4734-9474-7C6EA1B049A0}.Release|Any CPU.Build.0 = Release|Any CPU
		{1C0B1E5E-40F5-4B2B-9DF7-AD5B6D7D76A9}.Debug|Any CPU.ActiveCfg = Debug|Any CPU
		{1C0B1E5E-40F5-4B2B-9DF7-AD5B6D7D76A9}.Debug|Any CPU.Build.0 = Debug|Any CPU
		{1C0B1E5E-40F5-4B2B-9DF7-AD5B6D7D76A9}.Release|Any CPU.ActiveCfg = Release|Any CPU
		{1C0B1E5E-40F5-4B2B-9DF7-AD5B6D7D76A9}.Release|Any CPU.Build.0 = Release|Any CPU
	EndGlobalSection
	GlobalSection(SolutionProperties) = preSolution
		HideSolutionNode = FALSE
	EndGlobalSection
	GlobalSection(ExtensibilityGlobals) = postSolution
		SolutionGuid = {6EF0BD6F-4549-42B6-BD21-A6FE4DB6F60A}
	EndGlobalSection
EndGlobal
